
Microsoft Visual Studio Solution File, Format Version 12.00
Project("{FAE04EC0-301F-11D3-BF4B-00C04F79EFBC}") = "MapsterExtensions.Generator", "MapsterExtensions.Generator\MapsterExtensions.Generator.csproj", "{2252067B-9E18-4B48-A5DA-2679EB29DEC0}"
EndProject
Project("{FAE04EC0-301F-11D3-BF4B-00C04F79EFBC}") = "MapsterExtensions.Generator.Tests", "MapsterExtensions.Generator.Tests\MapsterExtensions.Generator.Tests.csproj", "{4A77C018-55DA-4B58-838F-4516D4F8E450}"
EndProject
Global
	GlobalSection(SolutionConfigurationPlatforms) = preSolution
		Debug|Any CPU = Debug|Any CPU
		Release|Any CPU = Release|Any CPU
	EndGlobalSection
	GlobalSection(ProjectConfigurationPlatforms) = postSolution
		{2252067B-9E18-4B48-A5DA-2679EB29DEC0}.Debug|Any CPU.ActiveCfg = Debug|Any CPU
		{2252067B-9E18-4B48-A5DA-2679EB29DEC0}.Debug|Any CPU.Build.0 = Debug|Any CPU
		{2252067B-9E18-4B48-A5DA-2679EB29DEC0}.Release|Any CPU.ActiveCfg = Release|Any CPU
		{2252067B-9E18-4B48-A5DA-2679EB29DEC0}.Release|Any CPU.Build.0 = Release|Any CPU
		{4A77C018-55DA-4B58-838F-4516D4F8E450}.Debug|Any CPU.ActiveCfg = Debug|Any CPU
		{4A77C018-55DA-4B58-838F-4516D4F8E450}.Debug|Any CPU.Build.0 = Debug|Any CPU
		{4A77C018-55DA-4B58-838F-4516D4F8E450}.Release|Any CPU.ActiveCfg = Release|Any CPU
		{4A77C018-55DA-4B58-838F-4516D4F8E450}.Release|Any CPU.Build.0 = Release|Any CPU
	EndGlobalSection
EndGlobal
